
Microsoft Visual Studio Solution File, Format Version 12.00
# Visual Studio Version 16
VisualStudioVersion = 16.0.29215.179
MinimumVisualStudioVersion = 10.0.40219.1
Project("{9A19103F-16F7-4668-BE54-9A1E7A4F7556}") = "Penguin.Reflection.Extensions", "Penguin.Reflection.Extensions.csproj", "{F17A2216-D37D-4606-83E8-B05FF37A805F}"
EndProject
Global
	GlobalSection(SolutionConfigurationPlatforms) = preSolution
		Debug|Any CPU = Debug|Any CPU
		Release|Any CPU = Release|Any CPU
	EndGlobalSection
	GlobalSection(ProjectConfigurationPlatforms) = postSolution
		{F17A2216-D37D-4606-83E8-B05FF37A805F}.Debug|Any CPU.ActiveCfg = Debug|Any CPU
		{F17A2216-D37D-4606-83E8-B05FF37A805F}.Debug|Any CPU.Build.0 = Debug|Any CPU
		{F17A2216-D37D-4606-83E8-B05FF37A805F}.Release|Any CPU.ActiveCfg = Release|Any CPU
		{F17A2216-D37D-4606-83E8-B05FF37A805F}.Release|Any CPU.Build.0 = Release|Any CPU
	EndGlobalSection
	GlobalSection(SolutionProperties) = preSolution
		HideSolutionNode = FALSE
	EndGlobalSection
	GlobalSection(ExtensibilityGlobals) = postSolution
		SolutionGuid = {BA61E1BA-05BB-40BF-828E-65AA97EBE5BE}
	EndGlobalSection
EndGlobal
